
Microsoft Visual Studio Solution File, Format Version 12.00
# Visual Studio 14
VisualStudioVersion = 14.0.24720.0
MinimumVisualStudioVersion = 10.0.40219.1
Project("{FAE04EC0-301F-11D3-BF4B-00C04F79EFBC}") = "PRASYDE.ControlEscolar.WebAPI", "PRASYDE.ControlEscolar.WebAPI\PRASYDE.ControlEscolar.WebAPI.csproj", "{14D23840-8EE5-4B5B-9DB1-D06797ABFC8F}"
EndProject
Project("{FAE04EC0-301F-11D3-BF4B-00C04F79EFBC}") = "PRASYDE.ControlEscolar.Entities", "PRASYDE.ControlEscolar.Entities\PRASYDE.ControlEscolar.Entities.csproj", "{5A9CBFB4-3735-4BB0-8D42-6AECEFDD4723}"
EndProject
Project("{FAE04EC0-301F-11D3-BF4B-00C04F79EFBC}") = "PRASYDE.ControlEscolar.Business", "PRASYDE.ControlEscolar.Business\PRASYDE.ControlEscolar.Business.csproj", "{0542794E-DE66-45AE-9640-4A18D52ACEBD}"
EndProject
Project("{FAE04EC0-301F-11D3-BF4B-00C04F79EFBC}") = "PRASYDE.ControlEscolar.DataAccess", "PRASYDE.ControlEscolar.DataAcess\PRASYDE.ControlEscolar.DataAccess.csproj", "{33FC41F6-761A-40A3-B90A-5A36D440FD61}"
EndProject
Global
	GlobalSection(SolutionConfigurationPlatforms) = preSolution
		Debug|Any CPU = Debug|Any CPU
		Release|Any CPU = Release|Any CPU
	EndGlobalSection
	GlobalSection(ProjectConfigurationPlatforms) = postSolution
		{14D23840-8EE5-4B5B-9DB1-D06797ABFC8F}.Debug|Any CPU.ActiveCfg = Debug|Any CPU
		{14D23840-8EE5-4B5B-9DB1-D06797ABFC8F}.Debug|Any CPU.Build.0 = Debug|Any CPU
		{14D23840-8EE5-4B5B-9DB1-D06797ABFC8F}.Release|Any CPU.ActiveCfg = Release|Any CPU
		{14D23840-8EE5-4B5B-9DB1-D06797ABFC8F}.Release|Any CPU.Build.0 = Release|Any CPU
		{5A9CBFB4-3735-4BB0-8D42-6AECEFDD4723}.Debug|Any CPU.ActiveCfg = Debug|Any CPU
		{5A9CBFB4-3735-4BB0-8D42-6AECEFDD4723}.Debug|Any CPU.Build.0 = Debug|Any CPU
		{5A9CBFB4-3735-4BB0-8D42-6AECEFDD4723}.Release|Any CPU.ActiveCfg = Release|Any CPU
		{5A9CBFB4-3735-4BB0-8D42-6AECEFDD4723}.Release|Any CPU.Build.0 = Release|Any CPU
		{0542794E-DE66-45AE-9640-4A18D52ACEBD}.Debug|Any CPU.ActiveCfg = Debug|Any CPU
		{0542794E-DE66-45AE-9640-4A18D52ACEBD}.Debug|Any CPU.Build.0 = Debug|Any CPU
		{0542794E-DE66-45AE-9640-4A18D52ACEBD}.Release|Any CPU.ActiveCfg = Release|Any CPU
		{0542794E-DE66-45AE-9640-4A18D52ACEBD}.Release|Any CPU.Build.0 = Release|Any CPU
		{33FC41F6-761A-40A3-B90A-5A36D440FD61}.Debug|Any CPU.ActiveCfg = Debug|Any CPU
		{33FC41F6-761A-40A3-B90A-5A36D440FD61}.Debug|Any CPU.Build.0 = Debug|Any CPU
		{33FC41F6-761A-40A3-B90A-5A36D440FD61}.Release|Any CPU.ActiveCfg = Release|Any CPU
		{33FC41F6-761A-40A3-B90A-5A36D440FD61}.Release|Any CPU.Build.0 = Release|Any CPU
	EndGlobalSection
	GlobalSection(SolutionProperties) = preSolution
		HideSolutionNode = FALSE
	EndGlobalSection
EndGlobal
